# THIS IS AN AUTOGENERATED FILE. DO NOT EDIT THIS FILE DIRECTLY.
# yarn lockfile v1


"@chriscourses/perlin-noise@^1.0.5":
  "integrity" "sha512-AjIAlGT1M1Pc4/P3MkztzETXRI/LyGMl/fRglbY/Vgdb8Sl6Rn/yOd1XiHQD5ftiUev6i33UbReVWI95wtntpg=="
  "resolved" "https://registry.npmjs.org/@chriscourses/perlin-noise/-/perlin-noise-1.0.5.tgz"
  "version" "1.0.5"
